// !$*UTF8*$!
{
	archiveVersion = 1;
	classes = {
	};
	objectVersion = 56;
	objects = {

/* Begin PBXBuildFile section */
		52121D1C2A587CBD00300A60 /* NewViewController.swift in Sources */ = {isa = PBXBuildFile; fileRef = 52121D1B2A587CBD00300A60 /* NewViewController.swift */; };
		524CC97D2A5DBD4D00F97E73 /* CustomButton.swift in Sources */ = {isa = PBXBuildFile; fileRef = 524CC97C2A5DBD4D00F97E73 /* CustomButton.swift */; };
		524CC97F2A5DBFAF00F97E73 /* TableViewController.swift in Sources */ = {isa = PBXBuildFile; fileRef = 524CC97E2A5DBFAF00F97E73 /* TableViewController.swift */; };
		524CC9812A5DC0F500F97E73 /* CustomCell.swift in Sources */ = {isa = PBXBuildFile; fileRef = 524CC9802A5DC0F500F97E73 /* CustomCell.swift */; };
		524CC9832A5DC5AD00F97E73 /* CollectionViewController.swift in Sources */ = {isa = PBXBuildFile; fileRef = 524CC9822A5DC5AD00F97E73 /* CollectionViewController.swift */; };
		524CC9852A5DC6E000F97E73 /* Custom Coll.swift in Sources */ = {isa = PBXBuildFile; fileRef = 524CC9842A5DC6E000F97E73 /* Custom Coll.swift */; };
		524CC9872A5DC98000F97E73 /* ImageViewController.swift in Sources */ = {isa = PBXBuildFile; fileRef = 524CC9862A5DC98000F97E73 /* ImageViewController.swift */; };
		52BC3B122A58738B0060B9A1 /* AppDelegate.swift in Sources */ = {isa = PBXBuildFile; fileRef = 52BC3B112A58738B0060B9A1 /* AppDelegate.swift */; };
		52BC3B142A58738B0060B9A1 /* SceneDelegate.swift in Sources */ = {isa = PBXBuildFile; fileRef = 52BC3B132A58738B0060B9A1 /* SceneDelegate.swift */; };
		52BC3B162A58738B0060B9A1 /* ViewController.swift in Sources */ = {isa = PBXBuildFile; fileRef = 52BC3B152A58738B0060B9A1 /* ViewController.swift */; };
		52BC3B1B2A58738C0060B9A1 /* Assets.xcassets in Resources */ = {isa = PBXBuildFile; fileRef = 52BC3B1A2A58738C0060B9A1 /* Assets.xcassets */; };
		52BC3B1E2A58738C0060B9A1 /* LaunchScreen.storyboard in Resources */ = {isa = PBXBuildFile; fileRef = 52BC3B1C2A58738C0060B9A1 /* LaunchScreen.storyboard */; };
/* End PBXBuildFile section */

/* Begin PBXFileReference section */
		52121D1B2A587CBD00300A60 /* NewViewController.swift */ = {isa = PBXFileReference; lastKnownFileType = sourcecode.swift; path = NewViewController.swift; sourceTree = "<group>"; };
		524CC97C2A5DBD4D00F97E73 /* CustomButton.swift */ = {isa = PBXFileReference; lastKnownFileType = sourcecode.swift; path = CustomButton.swift; sourceTree = "<group>"; };
		524CC97E2A5DBFAF00F97E73 /* TableViewController.swift */ = {isa = PBXFileReference; lastKnownFileType = sourcecode.swift; path = TableViewController.swift; sourceTree = "<group>"; };
		524CC9802A5DC0F500F97E73 /* CustomCell.swift */ = {isa = PBXFileReference; lastKnownFileType = sourcecode.swift; path = CustomCell.swift; sourceTree = "<group>"; };
		524CC9822A5DC5AD00F97E73 /* CollectionViewController.swift */ = {isa = PBXFileReference; lastKnownFileType = sourcecode.swift; path = CollectionViewController.swift; sourceTree = "<group>"; };
		524CC9842A5DC6E000F97E73 /* Custom Coll.swift */ = {isa = PBXFileReference; lastKnownFileType = sourcecode.swift; path = "Custom Coll.swift"; sourceTree = "<group>"; };
		524CC9862A5DC98000F97E73 /* ImageViewController.swift */ = {isa = PBXFileReference; lastKnownFileType = sourcecode.swift; path = ImageViewController.swift; sourceTree = "<group>"; };
		52BC3B0E2A58738B0060B9A1 /* Seminar1.app */ = {isa = PBXFileReference; explicitFileType = wrapper.application; includeInIndex = 0; path = Seminar1.app; sourceTree = BUILT_PRODUCTS_DIR; };
		52BC3B112A58738B0060B9A1 /* AppDelegate.swift */ = {isa = PBXFileReference; lastKnownFileType = sourcecode.swift; path = AppDelegate.swift; sourceTree = "<group>"; };
		52BC3B132A58738B0060B9A1 /* SceneDelegate.swift */ = {isa = PBXFileReference; lastKnownFileType = sourcecode.swift; path = SceneDelegate.swift; sourceTree = "<group>"; };
		52BC3B152A58738B0060B9A1 /* ViewController.swift */ = {isa = PBXFileReference; lastKnownFileType = sourcecode.swift; path = ViewController.swift; sourceTree = "<group>"; };
		52BC3B1A2A58738C0060B9A1 /* Assets.xcassets */ = {isa = PBXFileReference; lastKnownFileType = folder.assetcatalog; path = Assets.xcassets; sourceTree = "<group>"; };
		52BC3B1D2A58738C0060B9A1 /* Base */ = {isa = PBXFileReference; lastKnownFileType = file.storyboard; name = Base; path = Base.lproj/LaunchScreen.storyboard; sourceTree = "<group>"; };
		52BC3B1F2A58738C0060B9A1 /* Info.plist */ = {isa = PBXFileReference; lastKnownFileType = text.plist.xml; path = Info.plist; sourceTree = "<group>"; };
/* End PBXFileReference section */

/* Begin PBXFrameworksBuildPhase section */
		52BC3B0B2A58738B0060B9A1 /* Frameworks */ = {
			isa = PBXFrameworksBuildPhase;
			buildActionMask = 2147483647;
			files = (
			);
			runOnlyForDeploymentPostprocessing = 0;
		};
/* End PBXFrameworksBuildPhase section */

/* Begin PBXGroup section */
		52BC3B052A58738B0060B9A1 = {
			isa = PBXGroup;
			children = (
				52BC3B102A58738B0060B9A1 /* Seminar1 */,
				52BC3B0F2A58738B0060B9A1 /* Products */,
			);
			sourceTree = "<group>";
		};
		52BC3B0F2A58738B0060B9A1 /* Products */ = {
			isa = PBXGroup;
			children = (
				52BC3B0E2A58738B0060B9A1 /* Seminar1.app */,
			);
			name = Products;
			sourceTree = "<group>";
		};
		52BC3B102A58738B0060B9A1 /* Seminar1 */ = {
			isa = PBXGroup;
			children = (
				52BC3B112A58738B0060B9A1 /* AppDelegate.swift */,
				52BC3B132A58738B0060B9A1 /* SceneDelegate.swift */,
				52BC3B152A58738B0060B9A1 /* ViewController.swift */,
				524CC97C2A5DBD4D00F97E73 /* CustomButton.swift */,
				52BC3B1A2A58738C0060B9A1 /* Assets.xcassets */,
				52BC3B1C2A58738C0060B9A1 /* LaunchScreen.storyboard */,
				52BC3B1F2A58738C0060B9A1 /* Info.plist */,
				52121D1B2A587CBD00300A60 /* NewViewController.swift */,
				524CC97E2A5DBFAF00F97E73 /* TableViewController.swift */,
				524CC9802A5DC0F500F97E73 /* CustomCell.swift */,
				524CC9822A5DC5AD00F97E73 /* CollectionViewController.swift */,
				524CC9842A5DC6E000F97E73 /* Custom Coll.swift */,
				524CC9862A5DC98000F97E73 /* ImageViewController.swift */,
			);
			path = Seminar1;
			sourceTree = "<group>";
		};
/* End PBXGroup section */

/* Begin PBXNativeTarget section */
		52BC3B0D2A58738B0060B9A1 /* Seminar1 */ = {
			isa = PBXNativeTarget;
			buildConfigurationList = 52BC3B222A58738C0060B9A1 /* Build configuration list for PBXNativeTarget "Seminar1" */;
			buildPhases = (
				52BC3B0A2A58738B0060B9A1 /* Sources */,
				52BC3B0B2A58738B0060B9A1 /* Frameworks */,
				52BC3B0C2A58738B0060B9A1 /* Resources */,
			);
			buildRules = (
			);
			dependencies = (
			);
			name = Seminar1;
			productName = Seminar1;
			productReference = 52BC3B0E2A58738B0060B9A1 /* Seminar1.app */;
			productType = "com.apple.product-type.application";
		};
/* End PBXNativeTarget section */

/* Begin PBXProject section */
		52BC3B062A58738B0060B9A1 /* Project object */ = {
			isa = PBXProject;
			attributes = {
				BuildIndependentTargetsInParallel = 1;
				LastSwiftUpdateCheck = 1430;
				LastUpgradeCheck = 1430;
				TargetAttributes = {
					52BC3B0D2A58738B0060B9A1 = {
						CreatedOnToolsVersion = 14.3.1;
					};
				};
			};
			buildConfigurationList = 52BC3B092A58738B0060B9A1 /* Build configuration list for PBXProject "Seminar1" */;
			compatibilityVersion = "Xcode 14.0";
			developmentRegion = en;
			hasScannedForEncodings = 0;
			knownRegions = (
				en,
				Base,
			);
			mainGroup = 52BC3B052A58738B0060B9A1;
			productRefGroup = 52BC3B0F2A58738B0060B9A1 /* Products */;
			projectDirPath = "";
			projectRoot = "";
			targets = (
				52BC3B0D2A58738B0060B9A1 /* Seminar1 */,
			);
		};
/* End PBXProject section */

/* Begin PBXResourcesBuildPhase section */
		52BC3B0C2A58738B0060B9A1 /* Resources */ = {
			isa = PBXResourcesBuildPhase;
			buildActionMask = 2147483647;
			files = (
				52BC3B1E2A58738C0060B9A1 /* LaunchScreen.storyboard in Resources */,
				52BC3B1B2A58738C0060B9A1 /* Assets.xcassets in Resources */,
			);
			runOnlyForDeploymentPostprocessing = 0;
		};
/* End PBXResourcesBuildPhase section */

/* Begin PBXSourcesBuildPhase section */
		52BC3B0A2A58738B0060B9A1 /* Sources */ = {
			isa = PBXSourcesBuildPhase;
			buildActionMask = 2147483647;
			files = (
				52BC3B162A58738B0060B9A1 /* ViewController.swift in Sources */,
				524CC97F2A5DBFAF00F97E73 /* TableViewController.swift in Sources */,
				524CC9872A5DC98000F97E73 /* ImageViewController.swift in Sources */,
				52BC3B122A58738B0060B9A1 /* AppDelegate.swift in Sources */,
				52BC3B142A58738B0060B9A1 /* SceneDelegate.swift in Sources */,
				524CC9852A5DC6E000F97E73 /* Custom Coll.swift in Sources */,
				524CC9832A5DC5AD00F97E73 /* CollectionViewController.swift in Sources */,
				52121D1C2A587CBD00300A60 /* NewViewController.swift in Sources */,
				524CC9812A5DC0F500F97E73 /* CustomCell.swift in Sources */,
				524CC97D2A5DBD4D00F97E73 /* CustomButton.swift in Sources */,
			);
			runOnlyForDeploymentPostprocessing = 0;
		};
/* End PBXSourcesBuildPhase section */

/* Begin PBXVariantGroup section */
		52BC3B1C2A58738C0060B9A1 /* LaunchScreen.storyboard */ = {
			isa = PBXVariantGroup;
			children = (
				52BC3B1D2A58738C0060B9A1 /* Base */,
			);
			name = LaunchScreen.storyboard;
			sourceTree = "<group>";
		};
/* End PBXVariantGroup section */

/* Begin XCBuildConfiguration section */
		52BC3B202A58738C0060B9A1 /* Debug */ = {
			isa = XCBuildConfiguration;
			buildSettings = {
				ALWAYS_SEARCH_USER_PATHS = NO;
				CLANG_ANALYZER_NONNULL = YES;
				CLANG_ANALYZER_NUMBER_OBJECT_CONVERSION = YES_AGGRESSIVE;
				CLANG_CXX_LANGUAGE_STANDARD = "gnu++20";
				CLANG_ENABLE_MODULES = YES;
				CLANG_ENABLE_OBJC_ARC = YES;
				CLANG_ENABLE_OBJC_WEAK = YES;
				CLANG_WARN_BLOCK_CAPTURE_AUTORELEASING = YES;
				CLANG_WARN_BOOL_CONVERSION = YES;
				CLANG_WARN_COMMA = YES;
				CLANG_WARN_CONSTANT_CONVERSION = YES;
				CLANG_WARN_DEPRECATED_OBJC_IMPLEMENTATIONS = YES;
				CLANG_WARN_DIRECT_OBJC_ISA_USAGE = YES_ERROR;
				CLANG_WARN_DOCUMENTATION_COMMENTS = YES;
				CLANG_WARN_EMPTY_BODY = YES;
				CLANG_WARN_ENUM_CONVERSION = YES;
				CLANG_WARN_INFINITE_RECURSION = YES;
				CLANG_WARN_INT_CONVERSION = YES;
				CLANG_WARN_NON_LITERAL_NULL_CONVERSION = YES;
				CLANG_WARN_OBJC_IMPLICIT_RETAIN_SELF = YES;
				CLANG_WARN_OBJC_LITERAL_CONVERSION = YES;
				CLANG_WARN_OBJC_ROOT_CLASS = YES_ERROR;
				CLANG_WARN_QUOTED_INCLUDE_IN_FRAMEWORK_HEADER = YES;
				CLANG_WARN_RANGE_LOOP_ANALYSIS = YES;
				CLANG_WARN_STRICT_PROTOTYPES = YES;
				CLANG_WARN_SUSPICIOUS_MOVE = YES;
				CLANG_WARN_UNGUARDED_AVAILABILITY = YES_AGGRESSIVE;
				CLANG_WARN_UNREACHABLE_CODE = YES;
				CLANG_WARN__DUPLICATE_METHOD_MATCH = YES;
				COPY_PHASE_STRIP = NO;
				DEBUG_INFORMATION_FORMAT = dwarf;
				ENABLE_STRICT_OBJC_MSGSEND = YES;
				ENABLE_TESTABILITY = YES;
				GCC_C_LANGUAGE_STANDARD = gnu11;
				GCC_DYNAMIC_NO_PIC = NO;
				GCC_NO_COMMON_BLOCKS = YES;
				GCC_OPTIMIZATION_LEVEL = 0;
				GCC_PREPROCESSOR_DEFINITIONS = (
					"DEBUG=1",
					"$(inherited)",
				);
				GCC_WARN_64_TO_32_BIT_CONVERSION = YES;
				GCC_WARN_ABOUT_RETURN_TYPE = YES_ERROR;
				GCC_WARN_UNDECLARED_SELECTOR = YES;
				GCC_WARN_UNINITIALIZED_AUTOS = YES_AGGRESSIVE;
				GCC_WARN_UNUSED_FUNCTION = YES;
				GCC_WARN_UNUSED_VARIABLE = YES;
				IPHONEOS_DEPLOYMENT_TARGET = 16.4;
				MTL_ENABLE_DEBUG_INFO = INCLUDE_SOURCE;
				MTL_FAST_MATH = YES;
				ONLY_ACTIVE_ARCH = YES;
				SDKROOT = iphoneos;
				SWIFT_ACTIVE_COMPILATION_CONDITIONS = DEBUG;
				SWIFT_OPTIMIZATION_LEVEL = "-Onone";
			};
			name = Debug;
		};
		52BC3B212A58738C0060B9A1 /* Release */ = {
			isa = XCBuildConfiguration;
			buildSettings = {
				ALWAYS_SEARCH_USER_PATHS = NO;
				CLANG_ANALYZER_NONNULL = YES;
				CLANG_ANALYZER_NUMBER_OBJECT_CONVERSION = YES_AGGRESSIVE;
				CLANG_CXX_LANGUAGE_STANDARD = "gnu++20";
				CLANG_ENABLE_MODULES = YES;
				CLANG_ENABLE_OBJC_ARC = YES;
				CLANG_ENABLE_OBJC_WEAK = YES;
				CLANG_WARN_BLOCK_CAPTURE_AUTORELEASING = YES;
				CLANG_WARN_BOOL_CONVERSION = YES;
				CLANG_WARN_COMMA = YES;
				CLANG_WARN_CONSTANT_CONVERSION = YES;
				CLANG_WARN_DEPRECATED_OBJC_IMPLEMENTATIONS = YES;
				CLANG_WARN_DIRECT_OBJC_ISA_USAGE = YES_ERROR;
				CLANG_WARN_DOCUMENTATION_COMMENTS = YES;
				CLANG_WARN_EMPTY_BODY = YES;
				CLANG_WARN_ENUM_CONVERSION = YES;
				CLANG_WARN_INFINITE_RECURSION = YES;
				CLANG_WARN_INT_CONVERSION = YES;
				CLANG_WARN_NON_LITERAL_NULL_CONVERSION = YES;
				CLANG_WARN_OBJC_IMPLICIT_RETAIN_SELF = YES;
				CLANG_WARN_OBJC_LITERAL_CONVERSION = YES;
				CLANG_WARN_OBJC_ROOT_CLASS = YES_ERROR;
				CLANG_WARN_QUOTED_INCLUDE_IN_FRAMEWORK_HEADER = YES;
				CLANG_WARN_RANGE_LOOP_ANALYSIS = YES;
				CLANG_WARN_STRICT_PROTOTYPES = YES;
				CLANG_WARN_SUSPICIOUS_MOVE = YES;
				CLANG_WARN_UNGUARDED_AVAILABILITY = YES_AGGRESSIVE;
				CLANG_WARN_UNREACHABLE_CODE = YES;
				CLANG_WARN__DUPLICATE_METHOD_MATCH = YES;
				COPY_PHASE_STRIP = NO;
				DEBUG_INFORMATION_FORMAT = "dwarf-with-dsym";
				ENABLE_NS_ASSERTIONS = NO;
				ENABLE_STRICT_OBJC_MSGSEND = YES;
				GCC_C_LANGUAGE_STANDARD = gnu11;
				GCC_NO_COMMON_BLOCKS = YES;
				GCC_WARN_64_TO_32_BIT_CONVERSION = YES;
				GCC_WARN_ABOUT_RETURN_TYPE = YES_ERROR;
				GCC_WARN_UNDECLARED_SELECTOR = YES;
				GCC_WARN_UNINITIALIZED_AUTOS = YES_AGGRESSIVE;
				GCC_WARN_UNUSED_FUNCTION = YES;
				GCC_WARN_UNUSED_VARIABLE = YES;
				IPHONEOS_DEPLOYMENT_TARGET = 16.4;
				MTL_ENABLE_DEBUG_INFO = NO;
				MTL_FAST_MATH = YES;
				SDKROOT = iphoneos;
				SWIFT_COMPILATION_MODE = wholemodule;
				SWIFT_OPTIMIZATION_LEVEL = "-O";
				VALIDATE_PRODUCT = YES;
			};
			name = Release;
		};
		52BC3B232A58738C0060B9A1 /* Debug */ = {
			isa = XCBuildConfiguration;
			buildSettings = {
				ASSETCATALOG_COMPILER_APPICON_NAME = AppIcon;
				ASSETCATALOG_COMPILER_GLOBAL_ACCENT_COLOR_NAME = AccentColor;
				CODE_SIGN_STYLE = Automatic;
				CURRENT_PROJECT_VERSION = 1;
				GENERATE_INFOPLIST_FILE = YES;
				INFOPLIST_FILE = Seminar1/Info.plist;
				INFOPLIST_KEY_UIApplicationSupportsIndirectInputEvents = YES;
				INFOPLIST_KEY_UILaunchStoryboardName = LaunchScreen;
				INFOPLIST_KEY_UISupportedInterfaceOrientations_iPad = "UIInterfaceOrientationPortrait UIInterfaceOrientationPortraitUpsideDown UIInterfaceOrientationLandscapeLeft UIInterfaceOrientationLandscapeRight";
				INFOPLIST_KEY_UISupportedInterfaceOrientations_iPhone = "UIInterfaceOrientationPortrait UIInterfaceOrientationLandscapeLeft UIInterfaceOrientationLandscapeRight";
				LD_RUNPATH_SEARCH_PATHS = (
					"$(inherited)",
					"@executable_path/Frameworks",
				);
				MARKETING_VERSION = 1.0;
				PRODUCT_BUNDLE_IDENTIFIER = vv.Seminar1;
				PRODUCT_NAME = "$(TARGET_NAME)";
				SWIFT_EMIT_LOC_STRINGS = YES;
				SWIFT_VERSION = 5.0;
				TARGETED_DEVICE_FAMILY = "1,2";
			};
			name = Debug;
		};
		52BC3B242A58738C0060B9A1 /* Release */ = {
			isa = XCBuildConfiguration;
			buildSettings = {
				ASSETCATALOG_COMPILER_APPICON_NAME = AppIcon;
				ASSETCATALOG_COMPILER_GLOBAL_ACCENT_COLOR_NAME = AccentColor;
				CODE_SIGN_STYLE = Automatic;
				CURRENT_PROJECT_VERSION = 1;
				GENERATE_INFOPLIST_FILE = YES;
				INFOPLIST_FILE = Seminar1/Info.plist;
				INFOPLIST_KEY_UIApplicationSupportsIndirectInputEvents = YES;
				INFOPLIST_KEY_UILaunchStoryboardName = LaunchScreen;
				INFOPLIST_KEY_UISupportedInterfaceOrientations_iPad = "UIInterfaceOrientationPortrait UIInterfaceOrientationPortraitUpsideDown UIInterfaceOrientationLandscapeLeft UIInterfaceOrientationLandscapeRight";
				INFOPLIST_KEY_UISupportedInterfaceOrientations_iPhone = "UIInterfaceOrientationPortrait UIInterfaceOrientationLandscapeLeft UIInterfaceOrientationLandscapeRight";
				LD_RUNPATH_SEARCH_PATHS = (
					"$(inherited)",
					"@executable_path/Frameworks",
				);
				MARKETING_VERSION = 1.0;
				PRODUCT_BUNDLE_IDENTIFIER = vv.Seminar1;
				PRODUCT_NAME = "$(TARGET_NAME)";
				SWIFT_EMIT_LOC_STRINGS = YES;
				SWIFT_VERSION = 5.0;
				TARGETED_DEVICE_FAMILY = "1,2";
			};
			name = Release;
		};
/* End XCBuildConfiguration section */

/* Begin XCConfigurationList section */
		52BC3B092A58738B0060B9A1 /* Build configuration list for PBXProject "Seminar1" */ = {
			isa = XCConfigurationList;
			buildConfigurations = (
				52BC3B202A58738C0060B9A1 /* Debug */,
				52BC3B212A58738C0060B9A1 /* Release */,
			);
			defaultConfigurationIsVisible = 0;
			defaultConfigurationName = Release;
		};
		52BC3B222A58738C0060B9A1 /* Build configuration list for PBXNativeTarget "Seminar1" */ = {
			isa = XCConfigurationList;
			buildConfigurations = (
				52BC3B232A58738C0060B9A1 /* Debug */,
				52BC3B242A58738C0060B9A1 /* Release */,
			);
			defaultConfigurationIsVisible = 0;
			defaultConfigurationName = Release;
		};
/* End XCConfigurationList section */
	};
	rootObject = 52BC3B062A58738B0060B9A1 /* Project object */;
}
